
Microsoft Visual Studio Solution File, Format Version 12.00
# Visual Studio Version 16
VisualStudioVersion = 16.0.29509.3
MinimumVisualStudioVersion = 10.0.40219.1
Project("{FAE04EC0-301F-11D3-BF4B-00C04F79EFBC}") = "Geomitri", "Geomitri\Geomitri.csproj", "{90037C81-F03E-4D15-BB3B-92C3956DC51D}"
EndProject
Global
	GlobalSection(SolutionConfigurationPlatforms) = preSolution
		Debug|Any CPU = Debug|Any CPU
		Release|Any CPU = Release|Any CPU
	EndGlobalSection
	GlobalSection(ProjectConfigurationPlatforms) = postSolution
		{90037C81-F03E-4D15-BB3B-92C3956DC51D}.Debug|Any CPU.ActiveCfg = Debug|Any CPU
		{90037C81-F03E-4D15-BB3B-92C3956DC51D}.Debug|Any CPU.Build.0 = Debug|Any CPU
		{90037C81-F03E-4D15-BB3B-92C3956DC51D}.Release|Any CPU.ActiveCfg = Release|Any CPU
		{90037C81-F03E-4D15-BB3B-92C3956DC51D}.Release|Any CPU.Build.0 = Release|Any CPU
	EndGlobalSection
	GlobalSection(SolutionProperties) = preSolution
		HideSolutionNode = FALSE
	EndGlobalSection
	GlobalSection(ExtensibilityGlobals) = postSolution
		SolutionGuid = {8B15AD66-CA7D-4F1D-802C-651BFC1BEBB8}
	EndGlobalSection
EndGlobal
