
Microsoft Visual Studio Solution File, Format Version 12.00
# Visual Studio 15
VisualStudioVersion = 15.0.28010.2003
MinimumVisualStudioVersion = 10.0.40219.1
Project("{FAE04EC0-301F-11D3-BF4B-00C04F79EFBC}") = "Pythagoras", "Pythagoras\Pythagoras.csproj", "{306365D5-FC06-4005-9374-3667F511359C}"
EndProject
Global
	GlobalSection(SolutionConfigurationPlatforms) = preSolution
		Debug|Any CPU = Debug|Any CPU
		Release|Any CPU = Release|Any CPU
	EndGlobalSection
	GlobalSection(ProjectConfigurationPlatforms) = postSolution
		{306365D5-FC06-4005-9374-3667F511359C}.Debug|Any CPU.ActiveCfg = Debug|Any CPU
		{306365D5-FC06-4005-9374-3667F511359C}.Debug|Any CPU.Build.0 = Debug|Any CPU
		{306365D5-FC06-4005-9374-3667F511359C}.Release|Any CPU.ActiveCfg = Release|Any CPU
		{306365D5-FC06-4005-9374-3667F511359C}.Release|Any CPU.Build.0 = Release|Any CPU
	EndGlobalSection
	GlobalSection(SolutionProperties) = preSolution
		HideSolutionNode = FALSE
	EndGlobalSection
	GlobalSection(ExtensibilityGlobals) = postSolution
		SolutionGuid = {1D1535BC-BC7B-4421-AFB5-706882C9A4BD}
	EndGlobalSection
EndGlobal
