
Microsoft Visual Studio Solution File, Format Version 12.00
# Visual Studio 15
VisualStudioVersion = 15.0.28010.2003
MinimumVisualStudioVersion = 10.0.40219.1
Project("{FAE04EC0-301F-11D3-BF4B-00C04F79EFBC}") = "Queue", "Queue\Queue.csproj", "{BA1635A6-C74D-4A71-880F-D2BAD328184F}"
EndProject
Global
	GlobalSection(SolutionConfigurationPlatforms) = preSolution
		Debug|Any CPU = Debug|Any CPU
		Release|Any CPU = Release|Any CPU
	EndGlobalSection
	GlobalSection(ProjectConfigurationPlatforms) = postSolution
		{BA1635A6-C74D-4A71-880F-D2BAD328184F}.Debug|Any CPU.ActiveCfg = Debug|Any CPU
		{BA1635A6-C74D-4A71-880F-D2BAD328184F}.Debug|Any CPU.Build.0 = Debug|Any CPU
		{BA1635A6-C74D-4A71-880F-D2BAD328184F}.Release|Any CPU.ActiveCfg = Release|Any CPU
		{BA1635A6-C74D-4A71-880F-D2BAD328184F}.Release|Any CPU.Build.0 = Release|Any CPU
	EndGlobalSection
	GlobalSection(SolutionProperties) = preSolution
		HideSolutionNode = FALSE
	EndGlobalSection
	GlobalSection(ExtensibilityGlobals) = postSolution
		SolutionGuid = {E442F081-C8BD-4414-9A3F-C82BDEEE8450}
	EndGlobalSection
EndGlobal
