
Microsoft Visual Studio Solution File, Format Version 12.00
# Visual Studio 15
VisualStudioVersion = 15.0.28010.2003
MinimumVisualStudioVersion = 10.0.40219.1
Project("{FAE04EC0-301F-11D3-BF4B-00C04F79EFBC}") = "Rumfanget", "Rumfanget\Rumfanget.csproj", "{E43DA99D-2E40-405C-8F35-15C40CFB0A38}"
EndProject
Global
	GlobalSection(SolutionConfigurationPlatforms) = preSolution
		Debug|Any CPU = Debug|Any CPU
		Release|Any CPU = Release|Any CPU
	EndGlobalSection
	GlobalSection(ProjectConfigurationPlatforms) = postSolution
		{E43DA99D-2E40-405C-8F35-15C40CFB0A38}.Debug|Any CPU.ActiveCfg = Debug|Any CPU
		{E43DA99D-2E40-405C-8F35-15C40CFB0A38}.Debug|Any CPU.Build.0 = Debug|Any CPU
		{E43DA99D-2E40-405C-8F35-15C40CFB0A38}.Release|Any CPU.ActiveCfg = Release|Any CPU
		{E43DA99D-2E40-405C-8F35-15C40CFB0A38}.Release|Any CPU.Build.0 = Release|Any CPU
	EndGlobalSection
	GlobalSection(SolutionProperties) = preSolution
		HideSolutionNode = FALSE
	EndGlobalSection
	GlobalSection(ExtensibilityGlobals) = postSolution
		SolutionGuid = {765AFBF8-7824-4D12-BB35-AED8DE573F8E}
	EndGlobalSection
EndGlobal
